
Microsoft Visual Studio Solution File, Format Version 12.00
# Visual Studio Version 17
VisualStudioVersion = 17.1.32319.34
MinimumVisualStudioVersion = 10.0.40219.1
Project("{FAE04EC0-301F-11D3-BF4B-00C04F79EFBC}") = "MimicBotCore", "MimicBotCore\MimicBotCore.csproj", "{4F8E1BAF-4628-42CA-BE73-154097937416}"
EndProject
Project("{FAE04EC0-301F-11D3-BF4B-00C04F79EFBC}") = "MimicBotCommon", "MimicBotCommon\MimicBotCommon.csproj", "{320D0DFC-13FD-4E7D-A2A8-E6F01A11E8EA}"
EndProject
Global
	GlobalSection(SolutionConfigurationPlatforms) = preSolution
		Debug|Any CPU = Debug|Any CPU
		Release|Any CPU = Release|Any CPU
	EndGlobalSection
	GlobalSection(ProjectConfigurationPlatforms) = postSolution
		{4F8E1BAF-4628-42CA-BE73-154097937416}.Debug|Any CPU.ActiveCfg = Debug|Any CPU
		{4F8E1BAF-4628-42CA-BE73-154097937416}.Debug|Any CPU.Build.0 = Debug|Any CPU
		{4F8E1BAF-4628-42CA-BE73-154097937416}.Release|Any CPU.ActiveCfg = Release|Any CPU
		{4F8E1BAF-4628-42CA-BE73-154097937416}.Release|Any CPU.Build.0 = Release|Any CPU
		{320D0DFC-13FD-4E7D-A2A8-E6F01A11E8EA}.Debug|Any CPU.ActiveCfg = Debug|Any CPU
		{320D0DFC-13FD-4E7D-A2A8-E6F01A11E8EA}.Debug|Any CPU.Build.0 = Debug|Any CPU
		{320D0DFC-13FD-4E7D-A2A8-E6F01A11E8EA}.Release|Any CPU.ActiveCfg = Release|Any CPU
		{320D0DFC-13FD-4E7D-A2A8-E6F01A11E8EA}.Release|Any CPU.Build.0 = Release|Any CPU
	EndGlobalSection
	GlobalSection(SolutionProperties) = preSolution
		HideSolutionNode = FALSE
	EndGlobalSection
	GlobalSection(ExtensibilityGlobals) = postSolution
		SolutionGuid = {C4EE41DB-35F8-472F-B2E9-3EA4E1DAEBAA}
	EndGlobalSection
EndGlobal
