
Microsoft Visual Studio Solution File, Format Version 12.00
# Visual Studio Version 17
VisualStudioVersion = 17.1.32319.34
MinimumVisualStudioVersion = 10.0.40219.1
Project("{9A19103F-16F7-4668-BE54-9A1E7A4F7556}") = "MimicBotCore", "MimicBotCore\MimicBotCore.csproj", "{4F8E1BAF-4628-42CA-BE73-154097937416}"
EndProject
Project("{2150E333-8FDC-42A3-9474-1A3956D46DE8}") = "Solution Items", "Solution Items", "{E0397E74-13A9-4F0D-AE2F-CA8C2A2EA446}"
	ProjectSection(SolutionItems) = preProject
		Procfile = Procfile
	EndProjectSection
EndProject
Global
	GlobalSection(SolutionConfigurationPlatforms) = preSolution
		Debug|Any CPU = Debug|Any CPU
		Release|Any CPU = Release|Any CPU
	EndGlobalSection
	GlobalSection(ProjectConfigurationPlatforms) = postSolution
		{4F8E1BAF-4628-42CA-BE73-154097937416}.Debug|Any CPU.ActiveCfg = Debug|Any CPU
		{4F8E1BAF-4628-42CA-BE73-154097937416}.Debug|Any CPU.Build.0 = Debug|Any CPU
		{4F8E1BAF-4628-42CA-BE73-154097937416}.Release|Any CPU.ActiveCfg = Release|Any CPU
		{4F8E1BAF-4628-42CA-BE73-154097937416}.Release|Any CPU.Build.0 = Release|Any CPU
	EndGlobalSection
	GlobalSection(SolutionProperties) = preSolution
		HideSolutionNode = FALSE
	EndGlobalSection
	GlobalSection(ExtensibilityGlobals) = postSolution
		SolutionGuid = {C4EE41DB-35F8-472F-B2E9-3EA4E1DAEBAA}
	EndGlobalSection
EndGlobal
